
Microsoft Visual Studio Solution File, Format Version 12.00
# Visual Studio Version 17
VisualStudioVersion = 17.10.35122.118
MinimumVisualStudioVersion = 10.0.40219.1
Project("{FAE04EC0-301F-11D3-BF4B-00C04F79EFBC}") = "Proyecto IContinua 01", "Proyecto IContinua 01\Proyecto IContinua 01.csproj", "{9996E4B2-A276-48AA-8F47-193958285925}"
EndProject
Global
	GlobalSection(SolutionConfigurationPlatforms) = preSolution
		Debug|Any CPU = Debug|Any CPU
		Release|Any CPU = Release|Any CPU
	EndGlobalSection
	GlobalSection(ProjectConfigurationPlatforms) = postSolution
		{9996E4B2-A276-48AA-8F47-193958285925}.Debug|Any CPU.ActiveCfg = Debug|Any CPU
		{9996E4B2-A276-48AA-8F47-193958285925}.Debug|Any CPU.Build.0 = Debug|Any CPU
		{9996E4B2-A276-48AA-8F47-193958285925}.Release|Any CPU.ActiveCfg = Release|Any CPU
		{9996E4B2-A276-48AA-8F47-193958285925}.Release|Any CPU.Build.0 = Release|Any CPU
	EndGlobalSection
	GlobalSection(SolutionProperties) = preSolution
		HideSolutionNode = FALSE
	EndGlobalSection
	GlobalSection(ExtensibilityGlobals) = postSolution
		SolutionGuid = {8376CE87-B441-42F0-83D7-E90A11703C6B}
	EndGlobalSection
EndGlobal
